// !$*UTF8*$!
{
	archiveVersion = 1;
	classes = {
	};
	objectVersion = 56;
	objects = {

/* Begin PBXBuildFile section */
		C4A801722A550A2400FC738A /* AppDelegate.swift in Sources */ = {isa = PBXBuildFile; fileRef = C4A801712A550A2400FC738A /* AppDelegate.swift */; };
		C4A801742A550A2400FC738A /* SceneDelegate.swift in Sources */ = {isa = PBXBuildFile; fileRef = C4A801732A550A2400FC738A /* SceneDelegate.swift */; };
		C4A801762A550A2400FC738A /* ViewController.swift in Sources */ = {isa = PBXBuildFile; fileRef = C4A801752A550A2400FC738A /* ViewController.swift */; };
		C4A8017B2A550A2600FC738A /* Assets.xcassets in Resources */ = {isa = PBXBuildFile; fileRef = C4A8017A2A550A2600FC738A /* Assets.xcassets */; };
		C4A8017E2A550A2600FC738A /* LaunchScreen.storyboard in Resources */ = {isa = PBXBuildFile; fileRef = C4A8017C2A550A2600FC738A /* LaunchScreen.storyboard */; };
		C4A801892A550A2600FC738A /* RecepyBookTests.swift in Sources */ = {isa = PBXBuildFile; fileRef = C4A801882A550A2600FC738A /* RecepyBookTests.swift */; };
		C4A801932A550A2600FC738A /* RecepyBookUITests.swift in Sources */ = {isa = PBXBuildFile; fileRef = C4A801922A550A2600FC738A /* RecepyBookUITests.swift */; };
		C4A801952A550A2600FC738A /* RecepyBookUITestsLaunchTests.swift in Sources */ = {isa = PBXBuildFile; fileRef = C4A801942A550A2600FC738A /* RecepyBookUITestsLaunchTests.swift */; };
		C4A801A32A5644AD00FC738A /* HomePageViewController.swift in Sources */ = {isa = PBXBuildFile; fileRef = C4A801A22A5644AD00FC738A /* HomePageViewController.swift */; };
		C4A801A52A56488100FC738A /* HomePage.swift in Sources */ = {isa = PBXBuildFile; fileRef = C4A801A42A56488100FC738A /* HomePage.swift */; };
		C4A801A82A5655E000FC738A /* HotLineStackView.swift in Sources */ = {isa = PBXBuildFile; fileRef = C4A801A72A5655E000FC738A /* HotLineStackView.swift */; };
		C4A801AB2A578AE600FC738A /* ElementsOnScrollCollectionView.swift in Sources */ = {isa = PBXBuildFile; fileRef = C4A801AA2A578AE600FC738A /* ElementsOnScrollCollectionView.swift */; };
		C4A801AD2A578D9900FC738A /* ElementsOnScrollCollectionViewCell.swift in Sources */ = {isa = PBXBuildFile; fileRef = C4A801AC2A578D9900FC738A /* ElementsOnScrollCollectionViewCell.swift */; };
		C4A801B02A57A9D300FC738A /* WishListCollectionView.swift in Sources */ = {isa = PBXBuildFile; fileRef = C4A801AF2A57A9D300FC738A /* WishListCollectionView.swift */; };
		C4A801B22A57AA0C00FC738A /* WishListCollectionViewCell.swift in Sources */ = {isa = PBXBuildFile; fileRef = C4A801B12A57AA0C00FC738A /* WishListCollectionViewCell.swift */; };
		C4A801B42A57AA4100FC738A /* WishListStruct.swift in Sources */ = {isa = PBXBuildFile; fileRef = C4A801B32A57AA4100FC738A /* WishListStruct.swift */; };
		C4A801B62A57B5F600FC738A /* ContainerViewController.swift in Sources */ = {isa = PBXBuildFile; fileRef = C4A801B52A57B5F600FC738A /* ContainerViewController.swift */; };
		C4A801B82A57B63F00FC738A /* MenuViewController.swift in Sources */ = {isa = PBXBuildFile; fileRef = C4A801B72A57B63F00FC738A /* MenuViewController.swift */; };
		C4A801BA2A57B66400FC738A /* MenuModel.swift in Sources */ = {isa = PBXBuildFile; fileRef = C4A801B92A57B66400FC738A /* MenuModel.swift */; };
		C4A801BC2A57B67A00FC738A /* MenuTableCell.swift in Sources */ = {isa = PBXBuildFile; fileRef = C4A801BB2A57B67A00FC738A /* MenuTableCell.swift */; };
		C4A801C32A5B371D00FC738A /* NewDishesViewController.swift in Sources */ = {isa = PBXBuildFile; fileRef = C4A801C22A5B371D00FC738A /* NewDishesViewController.swift */; };
		C4A801C62A5B374700FC738A /* Elements.swift in Sources */ = {isa = PBXBuildFile; fileRef = C4A801C52A5B374700FC738A /* Elements.swift */; };
		C4A801C82A5B39D500FC738A /* NewDishesCollectionView.swift in Sources */ = {isa = PBXBuildFile; fileRef = C4A801C72A5B39D500FC738A /* NewDishesCollectionView.swift */; };
		C4A801CA2A5B39E800FC738A /* NewDishesCollectionViewCell.swift in Sources */ = {isa = PBXBuildFile; fileRef = C4A801C92A5B39E800FC738A /* NewDishesCollectionViewCell.swift */; };
		C4A801CC2A5B39F600FC738A /* NewDishesStruct.swift in Sources */ = {isa = PBXBuildFile; fileRef = C4A801CB2A5B39F600FC738A /* NewDishesStruct.swift */; };
		C4A801DC2A5B573B00FC738A /* ElementsNowInTrend.swift in Sources */ = {isa = PBXBuildFile; fileRef = C4A801DB2A5B573B00FC738A /* ElementsNowInTrend.swift */; };
		C4A801DE2A5B577900FC738A /* NowInTrendViewController.swift in Sources */ = {isa = PBXBuildFile; fileRef = C4A801DD2A5B577900FC738A /* NowInTrendViewController.swift */; };
		C4A801E02A5B579200FC738A /* NowInTrendCollectionView.swift in Sources */ = {isa = PBXBuildFile; fileRef = C4A801DF2A5B579200FC738A /* NowInTrendCollectionView.swift */; };
		C4A801E22A5B579A00FC738A /* NowInTrendCollectionViewCell.swift in Sources */ = {isa = PBXBuildFile; fileRef = C4A801E12A5B579A00FC738A /* NowInTrendCollectionViewCell.swift */; };
		C4A801E42A5B57A800FC738A /* NowInTrendStruct.swift in Sources */ = {isa = PBXBuildFile; fileRef = C4A801E32A5B57A800FC738A /* NowInTrendStruct.swift */; };
/* End PBXBuildFile section */

/* Begin PBXContainerItemProxy section */
		C4A801852A550A2600FC738A /* PBXContainerItemProxy */ = {
			isa = PBXContainerItemProxy;
			containerPortal = C4A801662A550A2400FC738A /* Project object */;
			proxyType = 1;
			remoteGlobalIDString = C4A8016D2A550A2400FC738A;
			remoteInfo = RecepyBook;
		};
		C4A8018F2A550A2600FC738A /* PBXContainerItemProxy */ = {
			isa = PBXContainerItemProxy;
			containerPortal = C4A801662A550A2400FC738A /* Project object */;
			proxyType = 1;
			remoteGlobalIDString = C4A8016D2A550A2400FC738A;
			remoteInfo = RecepyBook;
		};
/* End PBXContainerItemProxy section */

/* Begin PBXFileReference section */
		C4A8016E2A550A2400FC738A /* RecepyBook.app */ = {isa = PBXFileReference; explicitFileType = wrapper.application; includeInIndex = 0; path = RecepyBook.app; sourceTree = BUILT_PRODUCTS_DIR; };
		C4A801712A550A2400FC738A /* AppDelegate.swift */ = {isa = PBXFileReference; lastKnownFileType = sourcecode.swift; path = AppDelegate.swift; sourceTree = "<group>"; };
		C4A801732A550A2400FC738A /* SceneDelegate.swift */ = {isa = PBXFileReference; lastKnownFileType = sourcecode.swift; path = SceneDelegate.swift; sourceTree = "<group>"; };
		C4A801752A550A2400FC738A /* ViewController.swift */ = {isa = PBXFileReference; lastKnownFileType = sourcecode.swift; path = ViewController.swift; sourceTree = "<group>"; };
		C4A8017A2A550A2600FC738A /* Assets.xcassets */ = {isa = PBXFileReference; lastKnownFileType = folder.assetcatalog; path = Assets.xcassets; sourceTree = "<group>"; };
		C4A8017D2A550A2600FC738A /* Base */ = {isa = PBXFileReference; lastKnownFileType = file.storyboard; name = Base; path = Base.lproj/LaunchScreen.storyboard; sourceTree = "<group>"; };
		C4A8017F2A550A2600FC738A /* Info.plist */ = {isa = PBXFileReference; lastKnownFileType = text.plist.xml; path = Info.plist; sourceTree = "<group>"; };
		C4A801842A550A2600FC738A /* RecepyBookTests.xctest */ = {isa = PBXFileReference; explicitFileType = wrapper.cfbundle; includeInIndex = 0; path = RecepyBookTests.xctest; sourceTree = BUILT_PRODUCTS_DIR; };
		C4A801882A550A2600FC738A /* RecepyBookTests.swift */ = {isa = PBXFileReference; lastKnownFileType = sourcecode.swift; path = RecepyBookTests.swift; sourceTree = "<group>"; };
		C4A8018E2A550A2600FC738A /* RecepyBookUITests.xctest */ = {isa = PBXFileReference; explicitFileType = wrapper.cfbundle; includeInIndex = 0; path = RecepyBookUITests.xctest; sourceTree = BUILT_PRODUCTS_DIR; };
		C4A801922A550A2600FC738A /* RecepyBookUITests.swift */ = {isa = PBXFileReference; lastKnownFileType = sourcecode.swift; path = RecepyBookUITests.swift; sourceTree = "<group>"; };
		C4A801942A550A2600FC738A /* RecepyBookUITestsLaunchTests.swift */ = {isa = PBXFileReference; lastKnownFileType = sourcecode.swift; path = RecepyBookUITestsLaunchTests.swift; sourceTree = "<group>"; };
		C4A801A22A5644AD00FC738A /* HomePageViewController.swift */ = {isa = PBXFileReference; lastKnownFileType = sourcecode.swift; path = HomePageViewController.swift; sourceTree = "<group>"; };
		C4A801A42A56488100FC738A /* HomePage.swift */ = {isa = PBXFileReference; lastKnownFileType = sourcecode.swift; path = HomePage.swift; sourceTree = "<group>"; };
		C4A801A72A5655E000FC738A /* HotLineStackView.swift */ = {isa = PBXFileReference; lastKnownFileType = sourcecode.swift; path = HotLineStackView.swift; sourceTree = "<group>"; };
		C4A801AA2A578AE600FC738A /* ElementsOnScrollCollectionView.swift */ = {isa = PBXFileReference; lastKnownFileType = sourcecode.swift; path = ElementsOnScrollCollectionView.swift; sourceTree = "<group>"; };
		C4A801AC2A578D9900FC738A /* ElementsOnScrollCollectionViewCell.swift */ = {isa = PBXFileReference; lastKnownFileType = sourcecode.swift; path = ElementsOnScrollCollectionViewCell.swift; sourceTree = "<group>"; };
		C4A801AF2A57A9D300FC738A /* WishListCollectionView.swift */ = {isa = PBXFileReference; lastKnownFileType = sourcecode.swift; path = WishListCollectionView.swift; sourceTree = "<group>"; };
		C4A801B12A57AA0C00FC738A /* WishListCollectionViewCell.swift */ = {isa = PBXFileReference; lastKnownFileType = sourcecode.swift; path = WishListCollectionViewCell.swift; sourceTree = "<group>"; };
		C4A801B32A57AA4100FC738A /* WishListStruct.swift */ = {isa = PBXFileReference; lastKnownFileType = sourcecode.swift; path = WishListStruct.swift; sourceTree = "<group>"; };
		C4A801B52A57B5F600FC738A /* ContainerViewController.swift */ = {isa = PBXFileReference; lastKnownFileType = sourcecode.swift; path = ContainerViewController.swift; sourceTree = "<group>"; };
		C4A801B72A57B63F00FC738A /* MenuViewController.swift */ = {isa = PBXFileReference; lastKnownFileType = sourcecode.swift; path = MenuViewController.swift; sourceTree = "<group>"; };
		C4A801B92A57B66400FC738A /* MenuModel.swift */ = {isa = PBXFileReference; lastKnownFileType = sourcecode.swift; path = MenuModel.swift; sourceTree = "<group>"; };
		C4A801BB2A57B67A00FC738A /* MenuTableCell.swift */ = {isa = PBXFileReference; lastKnownFileType = sourcecode.swift; path = MenuTableCell.swift; sourceTree = "<group>"; };
		C4A801C22A5B371D00FC738A /* NewDishesViewController.swift */ = {isa = PBXFileReference; lastKnownFileType = sourcecode.swift; path = NewDishesViewController.swift; sourceTree = "<group>"; };
		C4A801C52A5B374700FC738A /* Elements.swift */ = {isa = PBXFileReference; lastKnownFileType = sourcecode.swift; path = Elements.swift; sourceTree = "<group>"; };
		C4A801C72A5B39D500FC738A /* NewDishesCollectionView.swift */ = {isa = PBXFileReference; lastKnownFileType = sourcecode.swift; path = NewDishesCollectionView.swift; sourceTree = "<group>"; };
		C4A801C92A5B39E800FC738A /* NewDishesCollectionViewCell.swift */ = {isa = PBXFileReference; lastKnownFileType = sourcecode.swift; path = NewDishesCollectionViewCell.swift; sourceTree = "<group>"; };
		C4A801CB2A5B39F600FC738A /* NewDishesStruct.swift */ = {isa = PBXFileReference; lastKnownFileType = sourcecode.swift; path = NewDishesStruct.swift; sourceTree = "<group>"; };
		C4A801DB2A5B573B00FC738A /* ElementsNowInTrend.swift */ = {isa = PBXFileReference; lastKnownFileType = sourcecode.swift; path = ElementsNowInTrend.swift; sourceTree = "<group>"; };
		C4A801DD2A5B577900FC738A /* NowInTrendViewController.swift */ = {isa = PBXFileReference; lastKnownFileType = sourcecode.swift; path = NowInTrendViewController.swift; sourceTree = "<group>"; };
		C4A801DF2A5B579200FC738A /* NowInTrendCollectionView.swift */ = {isa = PBXFileReference; lastKnownFileType = sourcecode.swift; path = NowInTrendCollectionView.swift; sourceTree = "<group>"; };
		C4A801E12A5B579A00FC738A /* NowInTrendCollectionViewCell.swift */ = {isa = PBXFileReference; lastKnownFileType = sourcecode.swift; path = NowInTrendCollectionViewCell.swift; sourceTree = "<group>"; };
		C4A801E32A5B57A800FC738A /* NowInTrendStruct.swift */ = {isa = PBXFileReference; lastKnownFileType = sourcecode.swift; path = NowInTrendStruct.swift; sourceTree = "<group>"; };
/* End PBXFileReference section */

/* Begin PBXFrameworksBuildPhase section */
		C4A8016B2A550A2400FC738A /* Frameworks */ = {
			isa = PBXFrameworksBuildPhase;
			buildActionMask = 2147483647;
			files = (
			);
			runOnlyForDeploymentPostprocessing = 0;
		};
		C4A801812A550A2600FC738A /* Frameworks */ = {
			isa = PBXFrameworksBuildPhase;
			buildActionMask = 2147483647;
			files = (
			);
			runOnlyForDeploymentPostprocessing = 0;
		};
		C4A8018B2A550A2600FC738A /* Frameworks */ = {
			isa = PBXFrameworksBuildPhase;
			buildActionMask = 2147483647;
			files = (
			);
			runOnlyForDeploymentPostprocessing = 0;
		};
/* End PBXFrameworksBuildPhase section */

/* Begin PBXGroup section */
		C4A801652A550A2400FC738A = {
			isa = PBXGroup;
			children = (
				C4A801702A550A2400FC738A /* RecepyBook */,
				C4A801872A550A2600FC738A /* RecepyBookTests */,
				C4A801912A550A2600FC738A /* RecepyBookUITests */,
				C4A8016F2A550A2400FC738A /* Products */,
			);
			sourceTree = "<group>";
		};
		C4A8016F2A550A2400FC738A /* Products */ = {
			isa = PBXGroup;
			children = (
				C4A8016E2A550A2400FC738A /* RecepyBook.app */,
				C4A801842A550A2600FC738A /* RecepyBookTests.xctest */,
				C4A8018E2A550A2600FC738A /* RecepyBookUITests.xctest */,
			);
			name = Products;
			sourceTree = "<group>";
		};
		C4A801702A550A2400FC738A /* RecepyBook */ = {
			isa = PBXGroup;
			children = (
				C4A801712A550A2400FC738A /* AppDelegate.swift */,
				C4A801732A550A2400FC738A /* SceneDelegate.swift */,
				C4A801752A550A2400FC738A /* ViewController.swift */,
				C4A801D92A5B570D00FC738A /* NowInTrend */,
				C4A801C12A5B370400FC738A /* NewDishes */,
				C4A801AE2A57A9AF00FC738A /* WishListCollectionView */,
				C4A801A92A578A9800FC738A /* MainScreenScrollElements */,
				C4A801A62A564D4700FC738A /* Elements */,
				C4A801A12A56445F00FC738A /* Controllers */,
				C4A8017A2A550A2600FC738A /* Assets.xcassets */,
				C4A8017C2A550A2600FC738A /* LaunchScreen.storyboard */,
				C4A8017F2A550A2600FC738A /* Info.plist */,
			);
			path = RecepyBook;
			sourceTree = "<group>";
		};
		C4A801872A550A2600FC738A /* RecepyBookTests */ = {
			isa = PBXGroup;
			children = (
				C4A801882A550A2600FC738A /* RecepyBookTests.swift */,
			);
			path = RecepyBookTests;
			sourceTree = "<group>";
		};
		C4A801912A550A2600FC738A /* RecepyBookUITests */ = {
			isa = PBXGroup;
			children = (
				C4A801922A550A2600FC738A /* RecepyBookUITests.swift */,
				C4A801942A550A2600FC738A /* RecepyBookUITestsLaunchTests.swift */,
			);
			path = RecepyBookUITests;
			sourceTree = "<group>";
		};
		C4A801A12A56445F00FC738A /* Controllers */ = {
			isa = PBXGroup;
			children = (
				C4A801A22A5644AD00FC738A /* HomePageViewController.swift */,
				C4A801B52A57B5F600FC738A /* ContainerViewController.swift */,
				C4A801B72A57B63F00FC738A /* MenuViewController.swift */,
				C4A801B92A57B66400FC738A /* MenuModel.swift */,
				C4A801BB2A57B67A00FC738A /* MenuTableCell.swift */,
			);
			path = Controllers;
			sourceTree = "<group>";
		};
		C4A801A62A564D4700FC738A /* Elements */ = {
			isa = PBXGroup;
			children = (
				C4A801A42A56488100FC738A /* HomePage.swift */,
				C4A801A72A5655E000FC738A /* HotLineStackView.swift */,
			);
			path = Elements;
			sourceTree = "<group>";
		};
		C4A801A92A578A9800FC738A /* MainScreenScrollElements */ = {
			isa = PBXGroup;
			children = (
				C4A801AA2A578AE600FC738A /* ElementsOnScrollCollectionView.swift */,
				C4A801AC2A578D9900FC738A /* ElementsOnScrollCollectionViewCell.swift */,
			);
			path = MainScreenScrollElements;
			sourceTree = "<group>";
		};
		C4A801AE2A57A9AF00FC738A /* WishListCollectionView */ = {
			isa = PBXGroup;
			children = (
				C4A801AF2A57A9D300FC738A /* WishListCollectionView.swift */,
				C4A801B12A57AA0C00FC738A /* WishListCollectionViewCell.swift */,
				C4A801B32A57AA4100FC738A /* WishListStruct.swift */,
			);
			path = WishListCollectionView;
			sourceTree = "<group>";
		};
		C4A801C12A5B370400FC738A /* NewDishes */ = {
			isa = PBXGroup;
			children = (
				C4A801C42A5B373800FC738A /* Elements */,
				C4A801C22A5B371D00FC738A /* NewDishesViewController.swift */,
				C4A801C72A5B39D500FC738A /* NewDishesCollectionView.swift */,
				C4A801C92A5B39E800FC738A /* NewDishesCollectionViewCell.swift */,
				C4A801CB2A5B39F600FC738A /* NewDishesStruct.swift */,
			);
			path = NewDishes;
			sourceTree = "<group>";
		};
		C4A801C42A5B373800FC738A /* Elements */ = {
			isa = PBXGroup;
			children = (
				C4A801C52A5B374700FC738A /* Elements.swift */,
			);
			path = Elements;
			sourceTree = "<group>";
		};
		C4A801D92A5B570D00FC738A /* NowInTrend */ = {
			isa = PBXGroup;
			children = (
				C4A801DA2A5B572B00FC738A /* Elements */,
				C4A801DD2A5B577900FC738A /* NowInTrendViewController.swift */,
				C4A801DF2A5B579200FC738A /* NowInTrendCollectionView.swift */,
				C4A801E12A5B579A00FC738A /* NowInTrendCollectionViewCell.swift */,
				C4A801E32A5B57A800FC738A /* NowInTrendStruct.swift */,
			);
			path = NowInTrend;
			sourceTree = "<group>";
		};
		C4A801DA2A5B572B00FC738A /* Elements */ = {
			isa = PBXGroup;
			children = (
				C4A801DB2A5B573B00FC738A /* ElementsNowInTrend.swift */,
			);
			path = Elements;
			sourceTree = "<group>";
		};
/* End PBXGroup section */

/* Begin PBXNativeTarget section */
		C4A8016D2A550A2400FC738A /* RecepyBook */ = {
			isa = PBXNativeTarget;
			buildConfigurationList = C4A801982A550A2600FC738A /* Build configuration list for PBXNativeTarget "RecepyBook" */;
			buildPhases = (
				C4A8016A2A550A2400FC738A /* Sources */,
				C4A8016B2A550A2400FC738A /* Frameworks */,
				C4A8016C2A550A2400FC738A /* Resources */,
			);
			buildRules = (
			);
			dependencies = (
			);
			name = RecepyBook;
			productName = RecepyBook;
			productReference = C4A8016E2A550A2400FC738A /* RecepyBook.app */;
			productType = "com.apple.product-type.application";
		};
		C4A801832A550A2600FC738A /* RecepyBookTests */ = {
			isa = PBXNativeTarget;
			buildConfigurationList = C4A8019B2A550A2600FC738A /* Build configuration list for PBXNativeTarget "RecepyBookTests" */;
			buildPhases = (
				C4A801802A550A2600FC738A /* Sources */,
				C4A801812A550A2600FC738A /* Frameworks */,
				C4A801822A550A2600FC738A /* Resources */,
			);
			buildRules = (
			);
			dependencies = (
				C4A801862A550A2600FC738A /* PBXTargetDependency */,
			);
			name = RecepyBookTests;
			productName = RecepyBookTests;
			productReference = C4A801842A550A2600FC738A /* RecepyBookTests.xctest */;
			productType = "com.apple.product-type.bundle.unit-test";
		};
		C4A8018D2A550A2600FC738A /* RecepyBookUITests */ = {
			isa = PBXNativeTarget;
			buildConfigurationList = C4A8019E2A550A2600FC738A /* Build configuration list for PBXNativeTarget "RecepyBookUITests" */;
			buildPhases = (
				C4A8018A2A550A2600FC738A /* Sources */,
				C4A8018B2A550A2600FC738A /* Frameworks */,
				C4A8018C2A550A2600FC738A /* Resources */,
			);
			buildRules = (
			);
			dependencies = (
				C4A801902A550A2600FC738A /* PBXTargetDependency */,
			);
			name = RecepyBookUITests;
			productName = RecepyBookUITests;
			productReference = C4A8018E2A550A2600FC738A /* RecepyBookUITests.xctest */;
			productType = "com.apple.product-type.bundle.ui-testing";
		};
/* End PBXNativeTarget section */

/* Begin PBXProject section */
		C4A801662A550A2400FC738A /* Project object */ = {
			isa = PBXProject;
			attributes = {
				BuildIndependentTargetsInParallel = 1;
				LastSwiftUpdateCheck = 1430;
				LastUpgradeCheck = 1430;
				TargetAttributes = {
					C4A8016D2A550A2400FC738A = {
						CreatedOnToolsVersion = 14.3.1;
					};
					C4A801832A550A2600FC738A = {
						CreatedOnToolsVersion = 14.3.1;
						TestTargetID = C4A8016D2A550A2400FC738A;
					};
					C4A8018D2A550A2600FC738A = {
						CreatedOnToolsVersion = 14.3.1;
						TestTargetID = C4A8016D2A550A2400FC738A;
					};
				};
			};
			buildConfigurationList = C4A801692A550A2400FC738A /* Build configuration list for PBXProject "RecepyBook" */;
			compatibilityVersion = "Xcode 14.0";
			developmentRegion = en;
			hasScannedForEncodings = 0;
			knownRegions = (
				en,
				Base,
			);
			mainGroup = C4A801652A550A2400FC738A;
			productRefGroup = C4A8016F2A550A2400FC738A /* Products */;
			projectDirPath = "";
			projectRoot = "";
			targets = (
				C4A8016D2A550A2400FC738A /* RecepyBook */,
				C4A801832A550A2600FC738A /* RecepyBookTests */,
				C4A8018D2A550A2600FC738A /* RecepyBookUITests */,
			);
		};
/* End PBXProject section */

/* Begin PBXResourcesBuildPhase section */
		C4A8016C2A550A2400FC738A /* Resources */ = {
			isa = PBXResourcesBuildPhase;
			buildActionMask = 2147483647;
			files = (
				C4A8017E2A550A2600FC738A /* LaunchScreen.storyboard in Resources */,
				C4A8017B2A550A2600FC738A /* Assets.xcassets in Resources */,
			);
			runOnlyForDeploymentPostprocessing = 0;
		};
		C4A801822A550A2600FC738A /* Resources */ = {
			isa = PBXResourcesBuildPhase;
			buildActionMask = 2147483647;
			files = (
			);
			runOnlyForDeploymentPostprocessing = 0;
		};
		C4A8018C2A550A2600FC738A /* Resources */ = {
			isa = PBXResourcesBuildPhase;
			buildActionMask = 2147483647;
			files = (
			);
			runOnlyForDeploymentPostprocessing = 0;
		};
/* End PBXResourcesBuildPhase section */

/* Begin PBXSourcesBuildPhase section */
		C4A8016A2A550A2400FC738A /* Sources */ = {
			isa = PBXSourcesBuildPhase;
			buildActionMask = 2147483647;
			files = (
				C4A801A32A5644AD00FC738A /* HomePageViewController.swift in Sources */,
				C4A801C32A5B371D00FC738A /* NewDishesViewController.swift in Sources */,
				C4A801762A550A2400FC738A /* ViewController.swift in Sources */,
				C4A801A52A56488100FC738A /* HomePage.swift in Sources */,
				C4A801E42A5B57A800FC738A /* NowInTrendStruct.swift in Sources */,
				C4A801DE2A5B577900FC738A /* NowInTrendViewController.swift in Sources */,
				C4A801AD2A578D9900FC738A /* ElementsOnScrollCollectionViewCell.swift in Sources */,
				C4A801C82A5B39D500FC738A /* NewDishesCollectionView.swift in Sources */,
				C4A801B22A57AA0C00FC738A /* WishListCollectionViewCell.swift in Sources */,
				C4A801CC2A5B39F600FC738A /* NewDishesStruct.swift in Sources */,
				C4A801A82A5655E000FC738A /* HotLineStackView.swift in Sources */,
				C4A801B02A57A9D300FC738A /* WishListCollectionView.swift in Sources */,
				C4A801B82A57B63F00FC738A /* MenuViewController.swift in Sources */,
				C4A801CA2A5B39E800FC738A /* NewDishesCollectionViewCell.swift in Sources */,
				C4A801B62A57B5F600FC738A /* ContainerViewController.swift in Sources */,
				C4A801722A550A2400FC738A /* AppDelegate.swift in Sources */,
				C4A801DC2A5B573B00FC738A /* ElementsNowInTrend.swift in Sources */,
				C4A801BA2A57B66400FC738A /* MenuModel.swift in Sources */,
				C4A801B42A57AA4100FC738A /* WishListStruct.swift in Sources */,
				C4A801C62A5B374700FC738A /* Elements.swift in Sources */,
				C4A801742A550A2400FC738A /* SceneDelegate.swift in Sources */,
				C4A801E22A5B579A00FC738A /* NowInTrendCollectionViewCell.swift in Sources */,
				C4A801BC2A57B67A00FC738A /* MenuTableCell.swift in Sources */,
				C4A801E02A5B579200FC738A /* NowInTrendCollectionView.swift in Sources */,
				C4A801AB2A578AE600FC738A /* ElementsOnScrollCollectionView.swift in Sources */,
			);
			runOnlyForDeploymentPostprocessing = 0;
		};
		C4A801802A550A2600FC738A /* Sources */ = {
			isa = PBXSourcesBuildPhase;
			buildActionMask = 2147483647;
			files = (
				C4A801892A550A2600FC738A /* RecepyBookTests.swift in Sources */,
			);
			runOnlyForDeploymentPostprocessing = 0;
		};
		C4A8018A2A550A2600FC738A /* Sources */ = {
			isa = PBXSourcesBuildPhase;
			buildActionMask = 2147483647;
			files = (
				C4A801932A550A2600FC738A /* RecepyBookUITests.swift in Sources */,
				C4A801952A550A2600FC738A /* RecepyBookUITestsLaunchTests.swift in Sources */,
			);
			runOnlyForDeploymentPostprocessing = 0;
		};
/* End PBXSourcesBuildPhase section */

/* Begin PBXTargetDependency section */
		C4A801862A550A2600FC738A /* PBXTargetDependency */ = {
			isa = PBXTargetDependency;
			target = C4A8016D2A550A2400FC738A /* RecepyBook */;
			targetProxy = C4A801852A550A2600FC738A /* PBXContainerItemProxy */;
		};
		C4A801902A550A2600FC738A /* PBXTargetDependency */ = {
			isa = PBXTargetDependency;
			target = C4A8016D2A550A2400FC738A /* RecepyBook */;
			targetProxy = C4A8018F2A550A2600FC738A /* PBXContainerItemProxy */;
		};
/* End PBXTargetDependency section */

/* Begin PBXVariantGroup section */
		C4A8017C2A550A2600FC738A /* LaunchScreen.storyboard */ = {
			isa = PBXVariantGroup;
			children = (
				C4A8017D2A550A2600FC738A /* Base */,
			);
			name = LaunchScreen.storyboard;
			sourceTree = "<group>";
		};
/* End PBXVariantGroup section */

/* Begin XCBuildConfiguration section */
		C4A801962A550A2600FC738A /* Debug */ = {
			isa = XCBuildConfiguration;
			buildSettings = {
				ALWAYS_SEARCH_USER_PATHS = NO;
				CLANG_ANALYZER_NONNULL = YES;
				CLANG_ANALYZER_NUMBER_OBJECT_CONVERSION = YES_AGGRESSIVE;
				CLANG_CXX_LANGUAGE_STANDARD = "gnu++20";
				CLANG_ENABLE_MODULES = YES;
				CLANG_ENABLE_OBJC_ARC = YES;
				CLANG_ENABLE_OBJC_WEAK = YES;
				CLANG_WARN_BLOCK_CAPTURE_AUTORELEASING = YES;
				CLANG_WARN_BOOL_CONVERSION = YES;
				CLANG_WARN_COMMA = YES;
				CLANG_WARN_CONSTANT_CONVERSION = YES;
				CLANG_WARN_DEPRECATED_OBJC_IMPLEMENTATIONS = YES;
				CLANG_WARN_DIRECT_OBJC_ISA_USAGE = YES_ERROR;
				CLANG_WARN_DOCUMENTATION_COMMENTS = YES;
				CLANG_WARN_EMPTY_BODY = YES;
				CLANG_WARN_ENUM_CONVERSION = YES;
				CLANG_WARN_INFINITE_RECURSION = YES;
				CLANG_WARN_INT_CONVERSION = YES;
				CLANG_WARN_NON_LITERAL_NULL_CONVERSION = YES;
				CLANG_WARN_OBJC_IMPLICIT_RETAIN_SELF = YES;
				CLANG_WARN_OBJC_LITERAL_CONVERSION = YES;
				CLANG_WARN_OBJC_ROOT_CLASS = YES_ERROR;
				CLANG_WARN_QUOTED_INCLUDE_IN_FRAMEWORK_HEADER = YES;
				CLANG_WARN_RANGE_LOOP_ANALYSIS = YES;
				CLANG_WARN_STRICT_PROTOTYPES = YES;
				CLANG_WARN_SUSPICIOUS_MOVE = YES;
				CLANG_WARN_UNGUARDED_AVAILABILITY = YES_AGGRESSIVE;
				CLANG_WARN_UNREACHABLE_CODE = YES;
				CLANG_WARN__DUPLICATE_METHOD_MATCH = YES;
				COPY_PHASE_STRIP = NO;
				DEBUG_INFORMATION_FORMAT = dwarf;
				ENABLE_STRICT_OBJC_MSGSEND = YES;
				ENABLE_TESTABILITY = YES;
				GCC_C_LANGUAGE_STANDARD = gnu11;
				GCC_DYNAMIC_NO_PIC = NO;
				GCC_NO_COMMON_BLOCKS = YES;
				GCC_OPTIMIZATION_LEVEL = 0;
				GCC_PREPROCESSOR_DEFINITIONS = (
					"DEBUG=1",
					"$(inherited)",
				);
				GCC_WARN_64_TO_32_BIT_CONVERSION = YES;
				GCC_WARN_ABOUT_RETURN_TYPE = YES_ERROR;
				GCC_WARN_UNDECLARED_SELECTOR = YES;
				GCC_WARN_UNINITIALIZED_AUTOS = YES_AGGRESSIVE;
				GCC_WARN_UNUSED_FUNCTION = YES;
				GCC_WARN_UNUSED_VARIABLE = YES;
				IPHONEOS_DEPLOYMENT_TARGET = 16.4;
				MTL_ENABLE_DEBUG_INFO = INCLUDE_SOURCE;
				MTL_FAST_MATH = YES;
				ONLY_ACTIVE_ARCH = YES;
				SDKROOT = iphoneos;
				SWIFT_ACTIVE_COMPILATION_CONDITIONS = DEBUG;
				SWIFT_OPTIMIZATION_LEVEL = "-Onone";
			};
			name = Debug;
		};
		C4A801972A550A2600FC738A /* Release */ = {
			isa = XCBuildConfiguration;
			buildSettings = {
				ALWAYS_SEARCH_USER_PATHS = NO;
				CLANG_ANALYZER_NONNULL = YES;
				CLANG_ANALYZER_NUMBER_OBJECT_CONVERSION = YES_AGGRESSIVE;
				CLANG_CXX_LANGUAGE_STANDARD = "gnu++20";
				CLANG_ENABLE_MODULES = YES;
				CLANG_ENABLE_OBJC_ARC = YES;
				CLANG_ENABLE_OBJC_WEAK = YES;
				CLANG_WARN_BLOCK_CAPTURE_AUTORELEASING = YES;
				CLANG_WARN_BOOL_CONVERSION = YES;
				CLANG_WARN_COMMA = YES;
				CLANG_WARN_CONSTANT_CONVERSION = YES;
				CLANG_WARN_DEPRECATED_OBJC_IMPLEMENTATIONS = YES;
				CLANG_WARN_DIRECT_OBJC_ISA_USAGE = YES_ERROR;
				CLANG_WARN_DOCUMENTATION_COMMENTS = YES;
				CLANG_WARN_EMPTY_BODY = YES;
				CLANG_WARN_ENUM_CONVERSION = YES;
				CLANG_WARN_INFINITE_RECURSION = YES;
				CLANG_WARN_INT_CONVERSION = YES;
				CLANG_WARN_NON_LITERAL_NULL_CONVERSION = YES;
				CLANG_WARN_OBJC_IMPLICIT_RETAIN_SELF = YES;
				CLANG_WARN_OBJC_LITERAL_CONVERSION = YES;
				CLANG_WARN_OBJC_ROOT_CLASS = YES_ERROR;
				CLANG_WARN_QUOTED_INCLUDE_IN_FRAMEWORK_HEADER = YES;
				CLANG_WARN_RANGE_LOOP_ANALYSIS = YES;
				CLANG_WARN_STRICT_PROTOTYPES = YES;
				CLANG_WARN_SUSPICIOUS_MOVE = YES;
				CLANG_WARN_UNGUARDED_AVAILABILITY = YES_AGGRESSIVE;
				CLANG_WARN_UNREACHABLE_CODE = YES;
				CLANG_WARN__DUPLICATE_METHOD_MATCH = YES;
				COPY_PHASE_STRIP = NO;
				DEBUG_INFORMATION_FORMAT = "dwarf-with-dsym";
				ENABLE_NS_ASSERTIONS = NO;
				ENABLE_STRICT_OBJC_MSGSEND = YES;
				GCC_C_LANGUAGE_STANDARD = gnu11;
				GCC_NO_COMMON_BLOCKS = YES;
				GCC_WARN_64_TO_32_BIT_CONVERSION = YES;
				GCC_WARN_ABOUT_RETURN_TYPE = YES_ERROR;
				GCC_WARN_UNDECLARED_SELECTOR = YES;
				GCC_WARN_UNINITIALIZED_AUTOS = YES_AGGRESSIVE;
				GCC_WARN_UNUSED_FUNCTION = YES;
				GCC_WARN_UNUSED_VARIABLE = YES;
				IPHONEOS_DEPLOYMENT_TARGET = 16.4;
				MTL_ENABLE_DEBUG_INFO = NO;
				MTL_FAST_MATH = YES;
				SDKROOT = iphoneos;
				SWIFT_COMPILATION_MODE = wholemodule;
				SWIFT_OPTIMIZATION_LEVEL = "-O";
				VALIDATE_PRODUCT = YES;
			};
			name = Release;
		};
		C4A801992A550A2600FC738A /* Debug */ = {
			isa = XCBuildConfiguration;
			buildSettings = {
				ASSETCATALOG_COMPILER_APPICON_NAME = AppIcon;
				ASSETCATALOG_COMPILER_GLOBAL_ACCENT_COLOR_NAME = AccentColor;
				CODE_SIGN_STYLE = Automatic;
				CURRENT_PROJECT_VERSION = 1;
				DEVELOPMENT_TEAM = 9BBZ3F39P6;
				GENERATE_INFOPLIST_FILE = YES;
				INFOPLIST_FILE = RecepyBook/Info.plist;
				INFOPLIST_KEY_UIApplicationSupportsIndirectInputEvents = YES;
				INFOPLIST_KEY_UILaunchStoryboardName = LaunchScreen;
				INFOPLIST_KEY_UISupportedInterfaceOrientations_iPad = "UIInterfaceOrientationPortrait UIInterfaceOrientationPortraitUpsideDown UIInterfaceOrientationLandscapeLeft UIInterfaceOrientationLandscapeRight";
				INFOPLIST_KEY_UISupportedInterfaceOrientations_iPhone = "UIInterfaceOrientationPortrait UIInterfaceOrientationLandscapeLeft UIInterfaceOrientationLandscapeRight";
				LD_RUNPATH_SEARCH_PATHS = (
					"$(inherited)",
					"@executable_path/Frameworks",
				);
				MARKETING_VERSION = 1.0;
				PRODUCT_BUNDLE_IDENTIFIER = "-.RecepyBook";
				PRODUCT_NAME = "$(TARGET_NAME)";
				SWIFT_EMIT_LOC_STRINGS = YES;
				SWIFT_VERSION = 5.0;
				TARGETED_DEVICE_FAMILY = "1,2";
			};
			name = Debug;
		};
		C4A8019A2A550A2600FC738A /* Release */ = {
			isa = XCBuildConfiguration;
			buildSettings = {
				ASSETCATALOG_COMPILER_APPICON_NAME = AppIcon;
				ASSETCATALOG_COMPILER_GLOBAL_ACCENT_COLOR_NAME = AccentColor;
				CODE_SIGN_STYLE = Automatic;
				CURRENT_PROJECT_VERSION = 1;
				DEVELOPMENT_TEAM = 9BBZ3F39P6;
				GENERATE_INFOPLIST_FILE = YES;
				INFOPLIST_FILE = RecepyBook/Info.plist;
				INFOPLIST_KEY_UIApplicationSupportsIndirectInputEvents = YES;
				INFOPLIST_KEY_UILaunchStoryboardName = LaunchScreen;
				INFOPLIST_KEY_UISupportedInterfaceOrientations_iPad = "UIInterfaceOrientationPortrait UIInterfaceOrientationPortraitUpsideDown UIInterfaceOrientationLandscapeLeft UIInterfaceOrientationLandscapeRight";
				INFOPLIST_KEY_UISupportedInterfaceOrientations_iPhone = "UIInterfaceOrientationPortrait UIInterfaceOrientationLandscapeLeft UIInterfaceOrientationLandscapeRight";
				LD_RUNPATH_SEARCH_PATHS = (
					"$(inherited)",
					"@executable_path/Frameworks",
				);
				MARKETING_VERSION = 1.0;
				PRODUCT_BUNDLE_IDENTIFIER = "-.RecepyBook";
				PRODUCT_NAME = "$(TARGET_NAME)";
				SWIFT_EMIT_LOC_STRINGS = YES;
				SWIFT_VERSION = 5.0;
				TARGETED_DEVICE_FAMILY = "1,2";
			};
			name = Release;
		};
		C4A8019C2A550A2600FC738A /* Debug */ = {
			isa = XCBuildConfiguration;
			buildSettings = {
				ALWAYS_EMBED_SWIFT_STANDARD_LIBRARIES = YES;
				BUNDLE_LOADER = "$(TEST_HOST)";
				CODE_SIGN_STYLE = Automatic;
				CURRENT_PROJECT_VERSION = 1;
				DEVELOPMENT_TEAM = 9BBZ3F39P6;
				GENERATE_INFOPLIST_FILE = YES;
				IPHONEOS_DEPLOYMENT_TARGET = 16.4;
				MARKETING_VERSION = 1.0;
				PRODUCT_BUNDLE_IDENTIFIER = "-.RecepyBookTests";
				PRODUCT_NAME = "$(TARGET_NAME)";
				SWIFT_EMIT_LOC_STRINGS = NO;
				SWIFT_VERSION = 5.0;
				TARGETED_DEVICE_FAMILY = "1,2";
				TEST_HOST = "$(BUILT_PRODUCTS_DIR)/RecepyBook.app/$(BUNDLE_EXECUTABLE_FOLDER_PATH)/RecepyBook";
			};
			name = Debug;
		};
		C4A8019D2A550A2600FC738A /* Release */ = {
			isa = XCBuildConfiguration;
			buildSettings = {
				ALWAYS_EMBED_SWIFT_STANDARD_LIBRARIES = YES;
				BUNDLE_LOADER = "$(TEST_HOST)";
				CODE_SIGN_STYLE = Automatic;
				CURRENT_PROJECT_VERSION = 1;
				DEVELOPMENT_TEAM = 9BBZ3F39P6;
				GENERATE_INFOPLIST_FILE = YES;
				IPHONEOS_DEPLOYMENT_TARGET = 16.4;
				MARKETING_VERSION = 1.0;
				PRODUCT_BUNDLE_IDENTIFIER = "-.RecepyBookTests";
				PRODUCT_NAME = "$(TARGET_NAME)";
				SWIFT_EMIT_LOC_STRINGS = NO;
				SWIFT_VERSION = 5.0;
				TARGETED_DEVICE_FAMILY = "1,2";
				TEST_HOST = "$(BUILT_PRODUCTS_DIR)/RecepyBook.app/$(BUNDLE_EXECUTABLE_FOLDER_PATH)/RecepyBook";
			};
			name = Release;
		};
		C4A8019F2A550A2600FC738A /* Debug */ = {
			isa = XCBuildConfiguration;
			buildSettings = {
				ALWAYS_EMBED_SWIFT_STANDARD_LIBRARIES = YES;
				CODE_SIGN_STYLE = Automatic;
				CURRENT_PROJECT_VERSION = 1;
				DEVELOPMENT_TEAM = 9BBZ3F39P6;
				GENERATE_INFOPLIST_FILE = YES;
				MARKETING_VERSION = 1.0;
				PRODUCT_BUNDLE_IDENTIFIER = "-.RecepyBookUITests";
				PRODUCT_NAME = "$(TARGET_NAME)";
				SWIFT_EMIT_LOC_STRINGS = NO;
				SWIFT_VERSION = 5.0;
				TARGETED_DEVICE_FAMILY = "1,2";
				TEST_TARGET_NAME = RecepyBook;
			};
			name = Debug;
		};
		C4A801A02A550A2600FC738A /* Release */ = {
			isa = XCBuildConfiguration;
			buildSettings = {
				ALWAYS_EMBED_SWIFT_STANDARD_LIBRARIES = YES;
				CODE_SIGN_STYLE = Automatic;
				CURRENT_PROJECT_VERSION = 1;
				DEVELOPMENT_TEAM = 9BBZ3F39P6;
				GENERATE_INFOPLIST_FILE = YES;
				MARKETING_VERSION = 1.0;
				PRODUCT_BUNDLE_IDENTIFIER = "-.RecepyBookUITests";
				PRODUCT_NAME = "$(TARGET_NAME)";
				SWIFT_EMIT_LOC_STRINGS = NO;
				SWIFT_VERSION = 5.0;
				TARGETED_DEVICE_FAMILY = "1,2";
				TEST_TARGET_NAME = RecepyBook;
			};
			name = Release;
		};
/* End XCBuildConfiguration section */

/* Begin XCConfigurationList section */
		C4A801692A550A2400FC738A /* Build configuration list for PBXProject "RecepyBook" */ = {
			isa = XCConfigurationList;
			buildConfigurations = (
				C4A801962A550A2600FC738A /* Debug */,
				C4A801972A550A2600FC738A /* Release */,
			);
			defaultConfigurationIsVisible = 0;
			defaultConfigurationName = Release;
		};
		C4A801982A550A2600FC738A /* Build configuration list for PBXNativeTarget "RecepyBook" */ = {
			isa = XCConfigurationList;
			buildConfigurations = (
				C4A801992A550A2600FC738A /* Debug */,
				C4A8019A2A550A2600FC738A /* Release */,
			);
			defaultConfigurationIsVisible = 0;
			defaultConfigurationName = Release;
		};
		C4A8019B2A550A2600FC738A /* Build configuration list for PBXNativeTarget "RecepyBookTests" */ = {
			isa = XCConfigurationList;
			buildConfigurations = (
				C4A8019C2A550A2600FC738A /* Debug */,
				C4A8019D2A550A2600FC738A /* Release */,
			);
			defaultConfigurationIsVisible = 0;
			defaultConfigurationName = Release;
		};
		C4A8019E2A550A2600FC738A /* Build configuration list for PBXNativeTarget "RecepyBookUITests" */ = {
			isa = XCConfigurationList;
			buildConfigurations = (
				C4A8019F2A550A2600FC738A /* Debug */,
				C4A801A02A550A2600FC738A /* Release */,
			);
			defaultConfigurationIsVisible = 0;
			defaultConfigurationName = Release;
		};
/* End XCConfigurationList section */
	};
	rootObject = C4A801662A550A2400FC738A /* Project object */;
}
